
Microsoft Visual Studio Solution File, Format Version 12.00
# Visual Studio Version 17
VisualStudioVersion = 17.13.35913.81 d17.13
MinimumVisualStudioVersion = 10.0.40219.1
Project("{FAE04EC0-301F-11D3-BF4B-00C04F79EFBC}") = "Lab_Report", "Lab_Report\Lab_Report.csproj", "{3BC210A0-11C4-43ED-9F40-5DBD4EB977A4}"
EndProject
Global
	GlobalSection(SolutionConfigurationPlatforms) = preSolution
		Debug|Any CPU = Debug|Any CPU
		Release|Any CPU = Release|Any CPU
	EndGlobalSection
	GlobalSection(ProjectConfigurationPlatforms) = postSolution
		{3BC210A0-11C4-43ED-9F40-5DBD4EB977A4}.Debug|Any CPU.ActiveCfg = Debug|Any CPU
		{3BC210A0-11C4-43ED-9F40-5DBD4EB977A4}.Debug|Any CPU.Build.0 = Debug|Any CPU
		{3BC210A0-11C4-43ED-9F40-5DBD4EB977A4}.Release|Any CPU.ActiveCfg = Release|Any CPU
		{3BC210A0-11C4-43ED-9F40-5DBD4EB977A4}.Release|Any CPU.Build.0 = Release|Any CPU
	EndGlobalSection
	GlobalSection(SolutionProperties) = preSolution
		HideSolutionNode = FALSE
	EndGlobalSection
	GlobalSection(ExtensibilityGlobals) = postSolution
		SolutionGuid = {5049E167-A392-48E6-BD7C-7877CF19214F}
	EndGlobalSection
EndGlobal
